
Microsoft Visual Studio Solution File, Format Version 12.00
# Visual Studio Version 17
VisualStudioVersion = 17.0.32112.339
MinimumVisualStudioVersion = 10.0.40219.1
Project("{8BC9CEB8-8B4A-11D0-8D11-00A0C91BC942}") = "percobaan2-P10", "percobaan2-P10\percobaan2-P10.vcxproj", "{6B0A19F7-71D7-4858-8CB0-C1EA591BD53A}"
EndProject
Global
	GlobalSection(SolutionConfigurationPlatforms) = preSolution
		Debug|x64 = Debug|x64
		Debug|x86 = Debug|x86
		Release|x64 = Release|x64
		Release|x86 = Release|x86
	EndGlobalSection
	GlobalSection(ProjectConfigurationPlatforms) = postSolution
		{6B0A19F7-71D7-4858-8CB0-C1EA591BD53A}.Debug|x64.ActiveCfg = Debug|x64
		{6B0A19F7-71D7-4858-8CB0-C1EA591BD53A}.Debug|x64.Build.0 = Debug|x64
		{6B0A19F7-71D7-4858-8CB0-C1EA591BD53A}.Debug|x86.ActiveCfg = Debug|Win32
		{6B0A19F7-71D7-4858-8CB0-C1EA591BD53A}.Debug|x86.Build.0 = Debug|Win32
		{6B0A19F7-71D7-4858-8CB0-C1EA591BD53A}.Release|x64.ActiveCfg = Release|x64
		{6B0A19F7-71D7-4858-8CB0-C1EA591BD53A}.Release|x64.Build.0 = Release|x64
		{6B0A19F7-71D7-4858-8CB0-C1EA591BD53A}.Release|x86.ActiveCfg = Release|Win32
		{6B0A19F7-71D7-4858-8CB0-C1EA591BD53A}.Release|x86.Build.0 = Release|Win32
	EndGlobalSection
	GlobalSection(SolutionProperties) = preSolution
		HideSolutionNode = FALSE
	EndGlobalSection
	GlobalSection(ExtensibilityGlobals) = postSolution
		SolutionGuid = {B0DE5CB8-FA36-4CF9-9736-F75070E2100B}
	EndGlobalSection
EndGlobal
